# This file is automatically @generated by Poetry 2.3.2 and should not be changed by hand.

[[package]]
name = "aerich"
version = "0.9.3"
description = "A database migrations tool for Tortoise ORM."
optional = false
python-versions = ">=3.9"
groups = ["main"]
files = [
    {file = "aerich-0.9.3-py3-none-any.whl", hash = "sha256:153e1fbab55dd622638f0b5ca524945f1debcc4677e9402519053e4688b3a54c"},
    {file = "aerich-0.9.3.tar.gz", hash = "sha256:b0caa932d795d84f0152f8dbf1019b4754ee9524acf92c8208e2e0de2480f482"},
]

[package.dependencies]
anyio = ">=3.6.2,<5.0.0"
asyncclick = ">=8.1.7,<9.0.0"
dictdiffer = ">=0.9.0,<1.0.0"
tortoise-orm = ">=0.21.0,<1.0.0 || >1.0.0,<2.0.0"

[package.extras]
asyncmy = ["asyncmy (>=0.2.9)"]
asyncpg = ["asyncpg"]
mysql = ["aiomysql (>=0.2.0)"]
psycopg = ["psycopg[binary,pool] (>=3.0.12,<4.0.0)"]
toml = ["tomli-w (>=1.1.0,<2.0.0) ; python_version >= \"3.11\"", "tomlkit (>=0.11.4,<1.0.0) ; python_version < \"3.11\""]

[[package]]
name = "aiosqlite"
version = "0.22.1"
description = "asyncio bridge to the standard sqlite3 module"
optional = false
python-versions = ">=3.9"
groups = ["main"]
files = [
    {file = "aiosqlite-0.22.1-py3-none-any.whl", hash = "sha256:21c002eb13823fad740196c5a2e9d8e62f6243bd9e7e4a1f87fb5e44ecb4fceb"},
    {file = "aiosqlite-0.22.1.tar.gz", hash = "sha256:043e0bd78d32888c0a9ca90fc788b38796843360c855a7262a532813133a0650"},
]

[package.extras]
dev = ["attribution (==1.8.0)", "black (==25.11.0)", "build (>=1.2)", "coverage[toml] (==7.10.7)", "flake8 (==7.3.0)", "flake8-bugbear (==24.12.12)", "flit (==3.12.0)", "mypy (==1.19.0)", "ufmt (==2.8.0)", "usort (==1.0.8.post1)"]
docs = ["sphinx (==8.1.3)", "sphinx-mdinclude (==0.6.2)"]

[[package]]
name = "anyio"
version = "4.14.2"
description = "High-level concurrency and networking framework on top of asyncio or Trio"
optional = false
python-versions = ">=3.10"
groups = ["main"]
files = [
    {file = "anyio-4.14.2-py3-none-any.whl", hash = "sha256:9f505dda5ac9f0c8309b5e8bd445a8c2bf7246f3ce950121e45ea15bc41d1494"},
    {file = "anyio-4.14.2.tar.gz", hash = "sha256:cfa139f3ed1a23ee8f88a145ddb5ac7605b8bbfd8592baacd7ce3d8bb4313c7f"},
]

[package.dependencies]
idna = ">=2.8"

[package.extras]
trio = ["trio (>=0.32.0)"]

[[package]]
name = "asyncclick"
version = "8.4.2.1"
description = "Composable command line interface toolkit, async fork"
optional = false
python-versions = ">=3.11"
groups = ["main"]
files = [
    {file = "asyncclick-8.4.2.1-py3-none-any.whl", hash = "sha256:dbd533769c4e3ce831c05394027ea1cd606c09688e18abab13dbcfbf7dc5a142"},
    {file = "asyncclick-8.4.2.1.tar.gz", hash = "sha256:8f259376ae8d4fcd91961c8ad3e85e9b63c9cf181a122201c7dfed3d7f6024b8"},
]

[package.dependencies]
colorama = {version = "*", markers = "platform_system == \"Windows\""}

[[package]]
name = "asyncpg"
version = "0.31.0"
description = "An asyncio PostgreSQL driver"
optional = false
python-versions = ">=3.9.0"
groups = ["main"]
files = [
    {file = "asyncpg-0.31.0-cp310-cp310-macosx_10_9_x86_64.whl", hash = "sha256:831712dd3cf117eec68575a9b50da711893fd63ebe277fc155ecae1c6c9f0f61"},
    {file = "asyncpg-0.31.0-cp310-cp310-macosx_11_0_arm64.whl", hash = "sha256:0b17c89312c2f4ccea222a3a6571f7df65d4ba2c0e803339bfc7bed46a96d3be"},
    {file = "asyncpg-0.31.0-cp310-cp310-manylinux2014_aarch64.manylinux_2_17_aarch64.manylinux_2_28_aarch64.whl", hash = "sha256:3faa62f997db0c9add34504a68ac2c342cfee4d57a0c3062fcf0d86c7f9cb1e8"},
    {file = "asyncpg-0.31.0-cp310-cp310-manylinux2014_x86_64.manylinux_2_17_x86_64.manylinux_2_28_x86_64.whl", hash = "sha256:8ea599d45c361dfbf398cb67da7fd052affa556a401482d3ff1ee99bd68808a1"},
    {file = "asyncpg-0.31.0-cp310-cp310-musllinux_1_2_aarch64.whl", hash = "sha256:795416369c3d284e1837461909f58418ad22b305f955e625a4b3a2521d80a5f3"},
    {file = "asyncpg-0.31.0-cp310-cp310-musllinux_1_2_x86_64.whl", hash = "sha256:a8d758dac9d2e723e173d286ef5e574f0b350ec00e9186fce84d0fc5f6a8e6b8"},
    {file = "asyncpg-0.31.0-cp310-cp310-win32.whl", hash = "sha256:2d076d42eb583601179efa246c5d7ae44614b4144bc1c7a683ad1222814ed095"},
    {file = "asyncpg-0.31.0-cp310-cp310-win_amd64.whl", hash = "sha256:9ea33213ac044171f4cac23740bed9a3805abae10e7025314cfbd725ec670540"},
    {file = "asyncpg-0.31.0-cp311-cp311-macosx_10_9_x86_64.whl", hash = "sha256:eee690960e8ab85063ba93af2ce128c0f52fd655fdff9fdb1a28df01329f031d"},
    {file = "asyncpg-0.31.0-cp311-cp311-macosx_11_0_arm64.whl", hash = "sha256:2657204552b75f8288de08ca60faf4a99a65deef3a71d1467454123205a88fab"},
    {file = "asyncpg-0.31.0-cp311-cp311-manylinux2014_aarch64.manylinux_2_17_aarch64.manylinux_2_28_aarch64.whl", hash = "sha256:a429e842a3a4b4ea240ea52d7fe3f82d5149853249306f7ff166cb9948faa46c"},
    {file = "asyncpg-0.31.0-cp311-cp311-manylinux2014_x86_64.manylinux_2_17_x86_64.manylinux_2_28_x86_64.whl", hash = "sha256:c0807be46c32c963ae40d329b3a686356e417f674c976c07fa49f1b30303f109"},
    {file = "asyncpg-0.31.0-cp311-cp311-musllinux_1_2_aarch64.whl", hash = "sha256:e5d5098f63beeae93512ee513d4c0c53dc12e9aa2b7a1af5a81cddf93fe4e4da"},
    {file = "asyncpg-0.31.0-cp311-cp311-musllinux_1_2_x86_64.whl", hash = "sha256:37fc6c00a814e18eef51833545d1891cac9aa69140598bb076b4cd29b3e010b9"},
    {file = "asyncpg-0.31.0-cp311-cp311-win32.whl", hash = "sha256:5a4af56edf82a701aece93190cc4e094d2df7d33f6e915c222fb09efbb5afc24"},
    {file = "asyncpg-0.31.0-cp311-cp311-win_amd64.whl", hash = "sha256:480c4befbdf079c14c9ca43c8c5e1fe8b6296c96f1f927158d4f1e750aacc047"},
    {file = "asyncpg-0.31.0-cp312-cp312-macosx_10_13_x86_64.whl", hash = "sha256:b44c31e1efc1c15188ef183f287c728e2046abb1d26af4d20858215d50d91fad"},
    {file = "asyncpg-0.31.0-cp312-cp312-macosx_11_0_arm64.whl", hash = "sha256:0c89ccf741c067614c9b5fc7f1fc6f3b61ab05ae4aaa966e6fd6b93097c7d20d"},
    {file = "asyncpg-0.31.0-cp312-cp312-manylinux_2_28_aarch64.whl", hash = "sha256:12b3b2e39dc5470abd5e98c8d3373e4b1d1234d9fbdedf538798b2c13c64460a"},
    {file = "asyncpg-0.31.0-cp312-cp312-manylinux_2_28_x86_64.whl", hash = "sha256:aad7a33913fb8bcb5454313377cc330fbb19a0cd5faa7272407d8a0c4257b671"},
    {file = "asyncpg-0.31.0-cp312-cp312-musllinux_1_2_aarch64.whl", hash = "sha256:3df118d94f46d85b2e434fd62c84cb66d5834d5a890725fe625f498e72e4d5ec"},
    {file = "asyncpg-0.31.0-cp312-cp312-musllinux_1_2_x86_64.whl", hash = "sha256:bd5b6efff3c17c3202d4b37189969acf8927438a238c6257f66be3c426beba20"},
    {file = "asyncpg-0.31.0-cp312-cp312-win32.whl", hash = "sha256:027eaa61361ec735926566f995d959ade4796f6a49d3bde17e5134b9964f9ba8"},
    {file = "asyncpg-0.31.0-cp312-cp312-win_amd64.whl", hash = "sha256:72d6bdcbc93d608a1158f17932de2321f68b1a967a13e014998db87a72ed3186"},
    {file = "asyncpg-0.31.0-cp313-cp313-macosx_10_13_x86_64.whl", hash = "sha256:c204fab1b91e08b0f47e90a75d1b3c62174dab21f670ad6c5d0f243a228f015b"},
    {file = "asyncpg-0.31.0-cp313-cp313-macosx_11_0_arm64.whl", hash = "sha256:54a64f91839ba59008eccf7aad2e93d6e3de688d796f35803235ea1c4898ae1e"},
    {file = "asyncpg-0.31.0-cp313-cp313-manylinux2014_aarch64.manylinux_2_17_aarch64.manylinux_2_28_aarch64.whl", hash = "sha256:c0e0822b1038dc7253b337b0f3f676cadc4ac31b126c5d42691c39691962e403"},
    {file = "asyncpg-0.31.0-cp313-cp313-manylinux2014_x86_64.manylinux_2_17_x86_64.manylinux_2_28_x86_64.whl", hash = "sha256:bef056aa502ee34204c161c72ca1f3c274917596877f825968368b2c33f585f4"},
    {file = "asyncpg-0.31.0-cp313-cp313-musllinux_1_2_aarch64.whl", hash = "sha256:0bfbcc5b7ffcd9b75ab1558f00db2ae07db9c80637ad1b2469c43df79d7a5ae2"},
    {file = "asyncpg-0.31.0-cp313-cp313-musllinux_1_2_x86_64.whl", hash = "sha256:22bc525ebbdc24d1261ecbf6f504998244d4e3be1721784b5f64664d61fbe602"},
    {file = "asyncpg-0.31.0-cp313-cp313-win32.whl", hash = "sha256:f890de5e1e4f7e14023619399a471ce4b71f5418cd67a51853b9910fdfa73696"},
    {file = "asyncpg-0.31.0-cp313-cp313-win_amd64.whl", hash = "sha256:dc5f2fa9916f292e5c5c8b2ac2813763bcd7f58e130055b4ad8a0531314201ab"},
    {file = "asyncpg-0.31.0-cp314-cp314-macosx_10_15_x86_64.whl", hash = "sha256:f6b56b91bb0ffc328c4e3ed113136cddd9deefdf5f79ab448598b9772831df44"},
    {file = "asyncpg-0.31.0-cp314-cp314-macosx_11_0_arm64.whl", hash = "sha256:334dec28cf20d7f5bb9e45b39546ddf247f8042a690bff9b9573d00086e69cb5"},
    {file = "asyncpg-0.31.0-cp314-cp314-manylinux2014_aarch64.manylinux_2_17_aarch64.manylinux_2_28_aarch64.whl", hash = "sha256:98cc158c53f46de7bb677fd20c417e264fc02b36d901cc2a43bd6cb0dc6dbfd2"},
    {file = "asyncpg-0.31.0-cp314-cp314-manylinux2014_x86_64.manylinux_2_17_x86_64.manylinux_2_28_x86_64.whl", hash = "sha256:9322b563e2661a52e3cdbc93eed3be7748b289f792e0011cb2720d278b366ce2"},
    {file = "asyncpg-0.31.0-cp314-cp314-musllinux_1_2_aarch64.whl", hash = "sha256:19857a358fc811d82227449b7ca40afb46e75b33eb8897240c3839dd8b744218"},
    {file = "asyncpg-0.31.0-cp314-cp314-musllinux_1_2_x86_64.whl", hash = "sha256:ba5f8886e850882ff2c2ace5732300e99193823e8107e2c53ef01c1ebfa1e85d"},
    {file = "asyncpg-0.31.0-cp314-cp314-win32.whl", hash = "sha256:cea3a0b2a14f95834cee29432e4ddc399b95700eb1d51bbc5bfee8f31fa07b2b"},
    {file = "asyncpg-0.31.0-cp314-cp314-win_amd64.whl", hash = "sha256:04d19392716af6b029411a0264d92093b6e5e8285ae97a39957b9a9c14ea72be"},
    {file = "asyncpg-0.31.0-cp314-cp314t-macosx_10_15_x86_64.whl", hash = "sha256:bdb957706da132e982cc6856bb2f7b740603472b54c3ebc77fe60ea3e57e1bd2"},
    {file = "asyncpg-0.31.0-cp314-cp314t-macosx_11_0_arm64.whl", hash = "sha256:6d11b198111a72f47154fa03b85799f9be63701e068b43f84ac25da0bda9cb31"},
    {file = "asyncpg-0.31.0-cp314-cp314t-manylinux2014_aarch64.manylinux_2_17_aarch64.manylinux_2_28_aarch64.whl", hash = "sha256:18c83b03bc0d1b23e6230f5bf8d4f217dc9bc08644ce0502a9d91dc9e634a9c7"},
    {file = "asyncpg-0.31.0-cp314-cp314t-manylinux2014_x86_64.manylinux_2_17_x86_64.manylinux_2_28_x86_64.whl", hash = "sha256:e009abc333464ff18b8f6fd146addffd9aaf63e79aa3bb40ab7a4c332d0c5e9e"},
    {file = "asyncpg-0.31.0-cp314-cp314t-musllinux_1_2_aarch64.whl", hash = "sha256:3b1fbcb0e396a5ca435a8826a87e5c2c2cc0c8c68eb6fadf82168056b0e53a8c"},
    {file = "asyncpg-0.31.0-cp314-cp314t-musllinux_1_2_x86_64.whl", hash = "sha256:8df714dba348efcc162d2adf02d213e5fab1bd9f557e1305633e851a61814a7a"},
    {file = "asyncpg-0.31.0-cp314-cp314t-win32.whl", hash = "sha256:1b41f1afb1033f2b44f3234993b15096ddc9cd71b21a42dbd87fc6a57b43d65d"},
    {file = "asyncpg-0.31.0-cp314-cp314t-win_amd64.whl", hash = "sha256:bd4107bb7cdd0e9e65fae66a62afd3a249663b844fa34d479f6d5b3bef9c04c3"},
    {file = "asyncpg-0.31.0-cp39-cp39-macosx_10_9_x86_64.whl", hash = "sha256:ebb3cde58321a1f89ce41812be3f2a98dddedc1e76d0838aba1d724f1e4e1a95"},
    {file = "asyncpg-0.31.0-cp39-cp39-macosx_11_0_arm64.whl", hash = "sha256:e6974f36eb9a224d8fb428bcf66bd411aa12cf57c2967463178149e73d4de366"},
    {file = "asyncpg-0.31.0-cp39-cp39-manylinux2014_aarch64.manylinux_2_17_aarch64.manylinux_2_28_aarch64.whl", hash = "sha256:bc2b685f400ceae428f79f78b58110470d7b4466929a7f78d455964b17ad1008"},
    {file = "asyncpg-0.31.0-cp39-cp39-manylinux2014_x86_64.manylinux_2_17_x86_64.manylinux_2_28_x86_64.whl", hash = "sha256:bb223567dea5f47c45d347f2bde5486be8d9f40339f27217adb3fb1c3be51298"},
    {file = "asyncpg-0.31.0-cp39-cp39-musllinux_1_2_aarch64.whl", hash = "sha256:22be6e02381bab3101cd502d9297ac71e2f966c86e20e78caead9934c98a8af6"},
    {file = "asyncpg-0.31.0-cp39-cp39-musllinux_1_2_x86_64.whl", hash = "sha256:37a58919cfef2448a920df00d1b2f821762d17194d0dbf355d6dde8d952c04f9"},
    {file = "asyncpg-0.31.0-cp39-cp39-win32.whl", hash = "sha256:c1a9c5b71d2371a2290bc93336cd05ba4ec781683cab292adbddc084f89443c6"},
    {file = "asyncpg-0.31.0-cp39-cp39-win_amd64.whl", hash = "sha256:c1e1ab5bc65373d92dd749d7308c5b26fb2dc0fbe5d3bf68a32b676aa3bcd24a"},
    {file = "asyncpg-0.31.0.tar.gz", hash = "sha256:c989386c83940bfbd787180f2b1519415e2d3d6277a70d9d0f0145ac73500735"},
]

[package.extras]
gssauth = ["gssapi ; platform_system != \"Windows\"", "sspilib ; platform_system == \"Windows\""]

[[package]]
name = "colorama"
version = "0.4.6"
description = "Cross-platform colored terminal text."
optional = false
python-versions = "!=3.0.*,!=3.1.*,!=3.2.*,!=3.3.*,!=3.4.*,!=3.5.*,!=3.6.*,>=2.7"
groups = ["main"]
markers = "sys_platform == \"win32\" or platform_system == \"Windows\""
files = [
    {file = "colorama-0.4.6-py2.py3-none-any.whl", hash = "sha256:4f1d9991f5acc0ca119f9d443620b77f9d6b33703e51011c16baf57afb285fc6"},
    {file = "colorama-0.4.6.tar.gz", hash = "sha256:08695f5cb7ed6e0531a20572697297273c47b8cae5a63ffc6d6ed5c201be6e44"},
]

[[package]]
name = "dictdiffer"
version = "0.10.0"
description = "Dictdiffer is a library that helps you to diff and patch dictionaries."
optional = false
python-versions = ">=3.7"
groups = ["main"]
files = [
    {file = "dictdiffer-0.10.0-py3-none-any.whl", hash = "sha256:6ca50f38f7c5ee27d52789eee095ae473d9e02e1aa7612cb3aaf25fcf081dbf6"},
    {file = "dictdiffer-0.10.0.tar.gz", hash = "sha256:0b912acf663949d73b820d3ed59362140a188ab742c94efe13c762dbd24cbbd3"},
]

[package.extras]
docs = ["sphinx (>=3)", "sphinx-rtd-theme (>=0.2)"]
numpy = ["numpy (>=1.20.0)"]
tests = ["mock (>=1.3.0)", "pycodestyle (>=2.10.0)", "pytest (>=6,<9)", "pytest-cov (>=2.10.1)", "pytest-isort (>=1.2.0)", "pytest-pydocstyle (>=2.2.0)", "sphinx (>=3)", "tox (>=3.7.0)"]

[[package]]
name = "idna"
version = "3.18"
description = "Internationalized Domain Names in Applications (IDNA)"
optional = false
python-versions = ">=3.9"
groups = ["main"]
files = [
    {file = "idna-3.18-py3-none-any.whl", hash = "sha256:7f952cbe720b688055e3f87de14f5c3e5fdaa8bc3928985c4077ca689de849a2"},
    {file = "idna-3.18.tar.gz", hash = "sha256:ffb385a7e039654cef1ab9ef32c6fafe283c0c0467bba1d9029738ce4a14a848"},
]

[package.extras]
all = ["mypy (>=1.11.2)", "pytest (>=8.3.2)", "ruff (>=0.6.2)"]

[[package]]
name = "iso8601"
version = "2.1.0"
description = "Simple module to parse ISO 8601 dates"
optional = false
python-versions = ">=3.7,<4.0"
groups = ["main"]
files = [
    {file = "iso8601-2.1.0-py3-none-any.whl", hash = "sha256:aac4145c4dcb66ad8b648a02830f5e2ff6c24af20f4f482689be402db2429242"},
    {file = "iso8601-2.1.0.tar.gz", hash = "sha256:6b1d3829ee8921c4301998c909f7829fa9ed3cbdac0d3b16af2d743aed1ba8df"},
]

[[package]]
name = "loguru"
version = "0.7.3"
description = "Python logging made (stupidly) simple"
optional = false
python-versions = "<4.0,>=3.5"
groups = ["main"]
files = [
    {file = "loguru-0.7.3-py3-none-any.whl", hash = "sha256:31a33c10c8e1e10422bfd431aeb5d351c7cf7fa671e3c4df004162264b28220c"},
    {file = "loguru-0.7.3.tar.gz", hash = "sha256:19480589e77d47b8d85b2c827ad95d49bf31b0dcde16593892eb51dd18706eb6"},
]

[package.dependencies]
colorama = {version = ">=0.3.4", markers = "sys_platform == \"win32\""}
win32-setctime = {version = ">=1.0.0", markers = "sys_platform == \"win32\""}

[package.extras]
dev = ["Sphinx (==8.1.3) ; python_version >= \"3.11\"", "build (==1.2.2) ; python_version >= \"3.11\"", "colorama (==0.4.5) ; python_version < \"3.8\"", "colorama (==0.4.6) ; python_version >= \"3.8\"", "exceptiongroup (==1.1.3) ; python_version >= \"3.7\" and python_version < \"3.11\"", "freezegun (==1.1.0) ; python_version < \"3.8\"", "freezegun (==1.5.0) ; python_version >= \"3.8\"", "mypy (==0.910) ; python_version < \"3.6\"", "mypy (==0.971) ; python_version == \"3.6\"", "mypy (==1.13.0) ; python_version >= \"3.8\"", "mypy (==1.4.1) ; python_version == \"3.7\"", "myst-parser (==4.0.0) ; python_version >= \"3.11\"", "pre-commit (==4.0.1) ; python_version >= \"3.9\"", "pytest (==6.1.2) ; python_version < \"3.8\"", "pytest (==8.3.2) ; python_version >= \"3.8\"", "pytest-cov (==2.12.1) ; python_version < \"3.8\"", "pytest-cov (==5.0.0) ; python_version == \"3.8\"", "pytest-cov (==6.0.0) ; python_version >= \"3.9\"", "pytest-mypy-plugins (==1.9.3) ; python_version >= \"3.6\" and python_version < \"3.8\"", "pytest-mypy-plugins (==3.1.0) ; python_version >= \"3.8\"", "sphinx-rtd-theme (==3.0.2) ; python_version >= \"3.11\"", "tox (==3.27.1) ; python_version < \"3.8\"", "tox (==4.23.2) ; python_version >= \"3.8\"", "twine (==6.0.1) ; python_version >= \"3.11\""]

[[package]]
name = "pypika-tortoise"
version = "0.6.5"
description = "Forked from pypika and streamline just for tortoise-orm"
optional = false
python-versions = ">=3.9"
groups = ["main"]
files = [
    {file = "pypika_tortoise-0.6.5-py3-none-any.whl", hash = "sha256:9194ac6ce6ac9bdfc6e959c831c5788ef05ee1371e82ba281b0eb75f4a2bd4f1"},
    {file = "pypika_tortoise-0.6.5.tar.gz", hash = "sha256:64d96c9b88450f6360ad22a7063933b6a90961a7317f04b2b63c98fd5d705506"},
]

[[package]]
name = "python-dotenv"
version = "1.2.2"
description = "Read key-value pairs from a .env file and set them as environment variables"
optional = false
python-versions = ">=3.10"
groups = ["main"]
files = [
    {file = "python_dotenv-1.2.2-py3-none-any.whl", hash = "sha256:1d8214789a24de455a8b8bd8ae6fe3c6b69a5e3d64aa8a8e5d68e694bbcb285a"},
    {file = "python_dotenv-1.2.2.tar.gz", hash = "sha256:2c371a91fbd7ba082c2c1dc1f8bf89ca22564a087c2c287cd9b662adde799cf3"},
]

[package.extras]
cli = ["click (>=5.0)"]

[[package]]
name = "tortoise-orm"
version = "1.1.7"
description = "Easy async ORM for python, built with relations in mind"
optional = false
python-versions = ">=3.10"
groups = ["main"]
files = [
    {file = "tortoise_orm-1.1.7-py3-none-any.whl", hash = "sha256:b640b786905891cc120aa16d1a7af18cd54b111a812f9b1c1d1c7b294d62949d"},
    {file = "tortoise_orm-1.1.7.tar.gz", hash = "sha256:a0f0f27f9c92547739f0a3f0862c257ab64d8baadbc0e548cbcfa2d70bcbe275"},
]

[package.dependencies]
aiosqlite = ">=0.16.0,<1.0.0"
anyio = "*"
iso8601 = {version = ">=2.1.0,<3.0.0", markers = "python_version < \"4.0\""}
pypika-tortoise = ">=0.6.5,<1.0.0"

[package.extras]
accel = ["ciso8601 ; sys_platform != \"win32\" and implementation_name == \"cpython\"", "orjson", "uvloop ; sys_platform != \"win32\" and implementation_name == \"cpython\""]
aiomysql = ["aiomysql"]
asyncmy = ["asyncmy (>=0.2.11,<1.0.0)"]
asyncodbc = ["asyncodbc (>=0.1.1,<1.0.0) ; python_version < \"4.0\""]
asyncpg = ["asyncpg"]
ipython = ["ipython", "nest-asyncio (>=1.6.0)"]
psycopg = ["psycopg[binary,pool] (>=3.0.12,<4.0.0)"]
ptpython = ["ptpython (>=3.0.0)"]

[[package]]
name = "win32-setctime"
version = "1.2.0"
description = "A small Python utility to set file creation time on Windows"
optional = false
python-versions = ">=3.5"
groups = ["main"]
markers = "sys_platform == \"win32\""
files = [
    {file = "win32_setctime-1.2.0-py3-none-any.whl", hash = "sha256:95d644c4e708aba81dc3704a116d8cbc974d70b3bdb8be1d150e36be6e9d1390"},
    {file = "win32_setctime-1.2.0.tar.gz", hash = "sha256:ae1fdf948f5640aae05c511ade119313fb6a30d7eabe25fef9764dca5873c4c0"},
]

[package.extras]
dev = ["black (>=19.3b0) ; python_version >= \"3.6\"", "pytest (>=4.6.2)"]

[metadata]
lock-version = "2.1"
python-versions = ">=3.14,<4.0"
content-hash = "23bd1cfbf41a3ca6285e0b070bbeb36b58aee096ef30f12e53ca0d53a650dcc5"
